
Microsoft Visual Studio Solution File, Format Version 12.00
# Visual Studio Version 16
VisualStudioVersion = 16.0.30523.141
MinimumVisualStudioVersion = 10.0.40219.1
Project("{9A19103F-16F7-4668-BE54-9A1E7A4F7556}") = "NNPEFWEB", "NNPEFWEB\NNPEFWEB.csproj", "{EC062295-7B11-48AA-8B7F-6668274E517D}"
EndProject
Global
	GlobalSection(SolutionConfigurationPlatforms) = preSolution
		Debug|Any CPU = Debug|Any CPU
		DebugLocal|Any CPU = DebugLocal|Any CPU
		Release|Any CPU = Release|Any CPU
	EndGlobalSection
	GlobalSection(ProjectConfigurationPlatforms) = postSolution
		{EC062295-7B11-48AA-8B7F-6668274E517D}.Debug|Any CPU.ActiveCfg = Debug|Any CPU
		{EC062295-7B11-48AA-8B7F-6668274E517D}.Debug|Any CPU.Build.0 = Debug|Any CPU
		{EC062295-7B11-48AA-8B7F-6668274E517D}.DebugLocal|Any CPU.ActiveCfg = Debug|Any CPU
		{EC062295-7B11-48AA-8B7F-6668274E517D}.DebugLocal|Any CPU.Build.0 = Debug|Any CPU
		{EC062295-7B11-48AA-8B7F-6668274E517D}.Release|Any CPU.ActiveCfg = Release|Any CPU
		{EC062295-7B11-48AA-8B7F-6668274E517D}.Release|Any CPU.Build.0 = Release|Any CPU
	EndGlobalSection
	GlobalSection(SolutionProperties) = preSolution
		HideSolutionNode = FALSE
	EndGlobalSection
	GlobalSection(ExtensibilityGlobals) = postSolution
		SolutionGuid = {E902D457-4AC1-4F34-8321-1B13D222C084}
	EndGlobalSection
EndGlobal
